Microsoft Visual Studio Solution File, Format Version 11.00
# Visual Studio 2008

Project("{96C1FB12-7184-5E60-0928-6EA92E10C81A}") = "Practica1", "Assembly-CSharp-firstpass.csproj", "{4845D790-3062-75AD-7059-202F53907557}"
EndProject
Project("{96C1FB12-7184-5E60-0928-6EA92E10C81A}") = "Practica1", "Assembly-CSharp.csproj", "{DAB3C512-B75C-AA82-61E9-1EA89C1785C4}"
EndProject
Project("{96C1FB12-7184-5E60-0928-6EA92E10C81A}") = "Practica1", "Assembly-CSharp-Editor.csproj", "{DCD6BA5C-0384-0062-4923-DE49C253AA98}"
EndProject
Global
	GlobalSection(SolutionConfigurationPlatforms) = preSolution
		Debug|Any CPU = Debug|Any CPU
		Release|Any CPU = Release|Any CPU
	EndGlobalSection
	GlobalSection(ProjectConfigurationPlatforms) = postSolution
		{4845D790-3062-75AD-7059-202F53907557}.Debug|Any CPU.ActiveCfg = Debug|Any CPU
		{4845D790-3062-75AD-7059-202F53907557}.Debug|Any CPU.Build.0 = Debug|Any CPU
		{4845D790-3062-75AD-7059-202F53907557}.Release|Any CPU.ActiveCfg = Release|Any CPU
		{4845D790-3062-75AD-7059-202F53907557}.Release|Any CPU.Build.0 = Release|Any CPU
		{DAB3C512-B75C-AA82-61E9-1EA89C1785C4}.Debug|Any CPU.ActiveCfg = Debug|Any CPU
		{DAB3C512-B75C-AA82-61E9-1EA89C1785C4}.Debug|Any CPU.Build.0 = Debug|Any CPU
		{DAB3C512-B75C-AA82-61E9-1EA89C1785C4}.Release|Any CPU.ActiveCfg = Release|Any CPU
		{DAB3C512-B75C-AA82-61E9-1EA89C1785C4}.Release|Any CPU.Build.0 = Release|Any CPU
		{DCD6BA5C-0384-0062-4923-DE49C253AA98}.Debug|Any CPU.ActiveCfg = Debug|Any CPU
		{DCD6BA5C-0384-0062-4923-DE49C253AA98}.Debug|Any CPU.Build.0 = Debug|Any CPU
		{DCD6BA5C-0384-0062-4923-DE49C253AA98}.Release|Any CPU.ActiveCfg = Release|Any CPU
		{DCD6BA5C-0384-0062-4923-DE49C253AA98}.Release|Any CPU.Build.0 = Release|Any CPU
	EndGlobalSection
	GlobalSection(SolutionProperties) = preSolution
		HideSolutionNode = FALSE
	EndGlobalSection
	GlobalSection(MonoDevelopProperties) = preSolution
		StartupItem = Assembly-CSharp.csproj
	EndGlobalSection
EndGlobal
